// !$*UTF8*$!
{
	archiveVersion = 1;
	classes = {
	};
	objectVersion = 55;
	objects = {

/* Begin PBXBuildFile section */
		9A27AB88289B4F97003660D3 /* EssentialsFeed.h in Headers */ = {isa = PBXBuildFile; fileRef = 9A27AB87289B4F97003660D3 /* EssentialsFeed.h */; settings = {ATTRIBUTES = (Public, ); }; };
		9A27AB8F289B4FB9003660D3 /* FeedItem.swift in Sources */ = {isa = PBXBuildFile; fileRef = 9A27AB8E289B4FB9003660D3 /* FeedItem.swift */; };
		9A27AB91289B510B003660D3 /* FeedLoader.swift in Sources */ = {isa = PBXBuildFile; fileRef = 9A27AB90289B510B003660D3 /* FeedLoader.swift */; };
		9A27ABA9289B5B92003660D3 /* EssentialsFeed.framework in Frameworks */ = {isa = PBXBuildFile; fileRef = 9A27AB84289B4F97003660D3 /* EssentialsFeed.framework */; };
		9A27ABB0289B5C27003660D3 /* RemoreFeedLoaderTests.swift in Sources */ = {isa = PBXBuildFile; fileRef = 9A27ABAF289B5C27003660D3 /* RemoreFeedLoaderTests.swift */; };
		9A6E01C328A3328600308E6F /* HTTPClient.swift in Sources */ = {isa = PBXBuildFile; fileRef = 9A6E01C228A3328600308E6F /* HTTPClient.swift */; };
		9A6E01C528A332C600308E6F /* FeedITemsMapper.swift in Sources */ = {isa = PBXBuildFile; fileRef = 9A6E01C428A332C600308E6F /* FeedITemsMapper.swift */; };
		9AB172FF289C9D9300D7B4AC /* RemoteFeedLoader.swift in Sources */ = {isa = PBXBuildFile; fileRef = 9AB172FE289C9D9300D7B4AC /* RemoteFeedLoader.swift */; };
/* End PBXBuildFile section */

/* Begin PBXContainerItemProxy section */
		9A27ABAA289B5B92003660D3 /* PBXContainerItemProxy */ = {
			isa = PBXContainerItemProxy;
			containerPortal = 9A27AB7B289B4F97003660D3 /* Project object */;
			proxyType = 1;
			remoteGlobalIDString = 9A27AB83289B4F97003660D3;
			remoteInfo = EssentialsFeed;
		};
/* End PBXContainerItemProxy section */

/* Begin PBXFileReference section */
		9A27AB84289B4F97003660D3 /* EssentialsFeed.framework */ = {isa = PBXFileReference; explicitFileType = wrapper.framework; includeInIndex = 0; path = EssentialsFeed.framework; sourceTree = BUILT_PRODUCTS_DIR; };
		9A27AB87289B4F97003660D3 /* EssentialsFeed.h */ = {isa = PBXFileReference; lastKnownFileType = sourcecode.c.h; path = EssentialsFeed.h; sourceTree = "<group>"; };
		9A27AB8E289B4FB9003660D3 /* FeedItem.swift */ = {isa = PBXFileReference; lastKnownFileType = sourcecode.swift; path = FeedItem.swift; sourceTree = "<group>"; };
		9A27AB90289B510B003660D3 /* FeedLoader.swift */ = {isa = PBXFileReference; lastKnownFileType = sourcecode.swift; path = FeedLoader.swift; sourceTree = "<group>"; };
		9A27ABA5289B5B92003660D3 /* EssentialsFeedTests.xctest */ = {isa = PBXFileReference; explicitFileType = wrapper.cfbundle; includeInIndex = 0; path = EssentialsFeedTests.xctest; sourceTree = BUILT_PRODUCTS_DIR; };
		9A27ABAF289B5C27003660D3 /* RemoreFeedLoaderTests.swift */ = {isa = PBXFileReference; lastKnownFileType = sourcecode.swift; path = RemoreFeedLoaderTests.swift; sourceTree = "<group>"; };
		9A6E01C228A3328600308E6F /* HTTPClient.swift */ = {isa = PBXFileReference; lastKnownFileType = sourcecode.swift; path = HTTPClient.swift; sourceTree = "<group>"; };
		9A6E01C428A332C600308E6F /* FeedITemsMapper.swift */ = {isa = PBXFileReference; lastKnownFileType = sourcecode.swift; path = FeedITemsMapper.swift; sourceTree = "<group>"; };
		9AB172FE289C9D9300D7B4AC /* RemoteFeedLoader.swift */ = {isa = PBXFileReference; lastKnownFileType = sourcecode.swift; path = RemoteFeedLoader.swift; sourceTree = "<group>"; };
/* End PBXFileReference section */

/* Begin PBXFrameworksBuildPhase section */
		9A27AB81289B4F97003660D3 /* Frameworks */ = {
			isa = PBXFrameworksBuildPhase;
			buildActionMask = 2147483647;
			files = (
			);
			runOnlyForDeploymentPostprocessing = 0;
		};
		9A27ABA2289B5B92003660D3 /* Frameworks */ = {
			isa = PBXFrameworksBuildPhase;
			buildActionMask = 2147483647;
			files = (
				9A27ABA9289B5B92003660D3 /* EssentialsFeed.framework in Frameworks */,
			);
			runOnlyForDeploymentPostprocessing = 0;
		};
/* End PBXFrameworksBuildPhase section */

/* Begin PBXGroup section */
		9A27AB7A289B4F97003660D3 = {
			isa = PBXGroup;
			children = (
				9A27AB86289B4F97003660D3 /* EssentialsFeed */,
				9A27ABA6289B5B92003660D3 /* EssentialsFeedTests */,
				9A27AB85289B4F97003660D3 /* Products */,
			);
			sourceTree = "<group>";
		};
		9A27AB85289B4F97003660D3 /* Products */ = {
			isa = PBXGroup;
			children = (
				9A27AB84289B4F97003660D3 /* EssentialsFeed.framework */,
				9A27ABA5289B5B92003660D3 /* EssentialsFeedTests.xctest */,
			);
			name = Products;
			sourceTree = "<group>";
		};
		9A27AB86289B4F97003660D3 /* EssentialsFeed */ = {
			isa = PBXGroup;
			children = (
				9AB172FD289C9D7A00D7B4AC /* Feed API */,
				9A27AB87289B4F97003660D3 /* EssentialsFeed.h */,
				9A27AB92289B520A003660D3 /* Feed Feature */,
			);
			path = EssentialsFeed;
			sourceTree = "<group>";
		};
		9A27AB92289B520A003660D3 /* Feed Feature */ = {
			isa = PBXGroup;
			children = (
				9A27AB8E289B4FB9003660D3 /* FeedItem.swift */,
				9A27AB90289B510B003660D3 /* FeedLoader.swift */,
			);
			path = "Feed Feature";
			sourceTree = "<group>";
		};
		9A27ABA6289B5B92003660D3 /* EssentialsFeedTests */ = {
			isa = PBXGroup;
			children = (
				9A6E01C628A33A5200308E6F /* Feed API */,
			);
			path = EssentialsFeedTests;
			sourceTree = "<group>";
		};
		9A6E01C628A33A5200308E6F /* Feed API */ = {
			isa = PBXGroup;
			children = (
				9A27ABAF289B5C27003660D3 /* RemoreFeedLoaderTests.swift */,
			);
			path = "Feed API";
			sourceTree = "<group>";
		};
		9AB172FD289C9D7A00D7B4AC /* Feed API */ = {
			isa = PBXGroup;
			children = (
				9AB172FE289C9D9300D7B4AC /* RemoteFeedLoader.swift */,
				9A6E01C428A332C600308E6F /* FeedITemsMapper.swift */,
				9A6E01C228A3328600308E6F /* HTTPClient.swift */,
			);
			path = "Feed API";
			sourceTree = "<group>";
		};
/* End PBXGroup section */

/* Begin PBXHeadersBuildPhase section */
		9A27AB7F289B4F97003660D3 /* Headers */ = {
			isa = PBXHeadersBuildPhase;
			buildActionMask = 2147483647;
			files = (
				9A27AB88289B4F97003660D3 /* EssentialsFeed.h in Headers */,
			);
			runOnlyForDeploymentPostprocessing = 0;
		};
/* End PBXHeadersBuildPhase section */

/* Begin PBXNativeTarget section */
		9A27AB83289B4F97003660D3 /* EssentialsFeed */ = {
			isa = PBXNativeTarget;
			buildConfigurationList = 9A27AB8B289B4F97003660D3 /* Build configuration list for PBXNativeTarget "EssentialsFeed" */;
			buildPhases = (
				9A27AB7F289B4F97003660D3 /* Headers */,
				9A27AB80289B4F97003660D3 /* Sources */,
				9A27AB81289B4F97003660D3 /* Frameworks */,
				9A27AB82289B4F97003660D3 /* Resources */,
			);
			buildRules = (
			);
			dependencies = (
			);
			name = EssentialsFeed;
			productName = EssentialsFeed;
			productReference = 9A27AB84289B4F97003660D3 /* EssentialsFeed.framework */;
			productType = "com.apple.product-type.framework";
		};
		9A27ABA4289B5B92003660D3 /* EssentialsFeedTests */ = {
			isa = PBXNativeTarget;
			buildConfigurationList = 9A27ABAE289B5B92003660D3 /* Build configuration list for PBXNativeTarget "EssentialsFeedTests" */;
			buildPhases = (
				9A27ABA1289B5B92003660D3 /* Sources */,
				9A27ABA2289B5B92003660D3 /* Frameworks */,
				9A27ABA3289B5B92003660D3 /* Resources */,
			);
			buildRules = (
			);
			dependencies = (
				9A27ABAB289B5B92003660D3 /* PBXTargetDependency */,
			);
			name = EssentialsFeedTests;
			productName = EssentialsFeedTests;
			productReference = 9A27ABA5289B5B92003660D3 /* EssentialsFeedTests.xctest */;
			productType = "com.apple.product-type.bundle.unit-test";
		};
/* End PBXNativeTarget section */

/* Begin PBXProject section */
		9A27AB7B289B4F97003660D3 /* Project object */ = {
			isa = PBXProject;
			attributes = {
				BuildIndependentTargetsInParallel = 1;
				LastSwiftUpdateCheck = 1340;
				LastUpgradeCheck = 1340;
				TargetAttributes = {
					9A27AB83289B4F97003660D3 = {
						CreatedOnToolsVersion = 13.4.1;
						LastSwiftMigration = 1340;
					};
					9A27ABA4289B5B92003660D3 = {
						CreatedOnToolsVersion = 13.4.1;
						LastSwiftMigration = 1340;
					};
				};
			};
			buildConfigurationList = 9A27AB7E289B4F97003660D3 /* Build configuration list for PBXProject "EssentialsFeed" */;
			compatibilityVersion = "Xcode 13.0";
			developmentRegion = en;
			hasScannedForEncodings = 0;
			knownRegions = (
				en,
				Base,
			);
			mainGroup = 9A27AB7A289B4F97003660D3;
			productRefGroup = 9A27AB85289B4F97003660D3 /* Products */;
			projectDirPath = "";
			projectRoot = "";
			targets = (
				9A27AB83289B4F97003660D3 /* EssentialsFeed */,
				9A27ABA4289B5B92003660D3 /* EssentialsFeedTests */,
			);
		};
/* End PBXProject section */

/* Begin PBXResourcesBuildPhase section */
		9A27AB82289B4F97003660D3 /* Resources */ = {
			isa = PBXResourcesBuildPhase;
			buildActionMask = 2147483647;
			files = (
			);
			runOnlyForDeploymentPostprocessing = 0;
		};
		9A27ABA3289B5B92003660D3 /* Resources */ = {
			isa = PBXResourcesBuildPhase;
			buildActionMask = 2147483647;
			files = (
			);
			runOnlyForDeploymentPostprocessing = 0;
		};
/* End PBXResourcesBuildPhase section */

/* Begin PBXSourcesBuildPhase section */
		9A27AB80289B4F97003660D3 /* Sources */ = {
			isa = PBXSourcesBuildPhase;
			buildActionMask = 2147483647;
			files = (
				9A27AB91289B510B003660D3 /* FeedLoader.swift in Sources */,
				9AB172FF289C9D9300D7B4AC /* RemoteFeedLoader.swift in Sources */,
				9A6E01C328A3328600308E6F /* HTTPClient.swift in Sources */,
				9A6E01C528A332C600308E6F /* FeedITemsMapper.swift in Sources */,
				9A27AB8F289B4FB9003660D3 /* FeedItem.swift in Sources */,
			);
			runOnlyForDeploymentPostprocessing = 0;
		};
		9A27ABA1289B5B92003660D3 /* Sources */ = {
			isa = PBXSourcesBuildPhase;
			buildActionMask = 2147483647;
			files = (
				9A27ABB0289B5C27003660D3 /* RemoreFeedLoaderTests.swift in Sources */,
			);
			runOnlyForDeploymentPostprocessing = 0;
		};
/* End PBXSourcesBuildPhase section */

/* Begin PBXTargetDependency section */
		9A27ABAB289B5B92003660D3 /* PBXTargetDependency */ = {
			isa = PBXTargetDependency;
			target = 9A27AB83289B4F97003660D3 /* EssentialsFeed */;
			targetProxy = 9A27ABAA289B5B92003660D3 /* PBXContainerItemProxy */;
		};
/* End PBXTargetDependency section */

/* Begin XCBuildConfiguration section */
		9A27AB89289B4F97003660D3 /* Debug */ = {
			isa = XCBuildConfiguration;
			buildSettings = {
				ALWAYS_SEARCH_USER_PATHS = NO;
				CLANG_ANALYZER_NONNULL = YES;
				CLANG_ANALYZER_NUMBER_OBJECT_CONVERSION = YES_AGGRESSIVE;
				CLANG_CXX_LANGUAGE_STANDARD = "gnu++17";
				CLANG_ENABLE_MODULES = YES;
				CLANG_ENABLE_OBJC_ARC = YES;
				CLANG_ENABLE_OBJC_WEAK = YES;
				CLANG_WARN_BLOCK_CAPTURE_AUTORELEASING = YES;
				CLANG_WARN_BOOL_CONVERSION = YES;
				CLANG_WARN_COMMA = YES;
				CLANG_WARN_CONSTANT_CONVERSION = YES;
				CLANG_WARN_DEPRECATED_OBJC_IMPLEMENTATIONS = YES;
				CLANG_WARN_DIRECT_OBJC_ISA_USAGE = YES_ERROR;
				CLANG_WARN_DOCUMENTATION_COMMENTS = YES;
				CLANG_WARN_EMPTY_BODY = YES;
				CLANG_WARN_ENUM_CONVERSION = YES;
				CLANG_WARN_INFINITE_RECURSION = YES;
				CLANG_WARN_INT_CONVERSION = YES;
				CLANG_WARN_NON_LITERAL_NULL_CONVERSION = YES;
				CLANG_WARN_OBJC_IMPLICIT_RETAIN_SELF = YES;
				CLANG_WARN_OBJC_LITERAL_CONVERSION = YES;
				CLANG_WARN_OBJC_ROOT_CLASS = YES_ERROR;
				CLANG_WARN_QUOTED_INCLUDE_IN_FRAMEWORK_HEADER = YES;
				CLANG_WARN_RANGE_LOOP_ANALYSIS = YES;
				CLANG_WARN_STRICT_PROTOTYPES = YES;
				CLANG_WARN_SUSPICIOUS_MOVE = YES;
				CLANG_WARN_UNGUARDED_AVAILABILITY = YES_AGGRESSIVE;
				CLANG_WARN_UNREACHABLE_CODE = YES;
				CLANG_WARN__DUPLICATE_METHOD_MATCH = YES;
				COPY_PHASE_STRIP = NO;
				CURRENT_PROJECT_VERSION = 1;
				DEBUG_INFORMATION_FORMAT = dwarf;
				ENABLE_STRICT_OBJC_MSGSEND = YES;
				ENABLE_TESTABILITY = YES;
				GCC_C_LANGUAGE_STANDARD = gnu11;
				GCC_DYNAMIC_NO_PIC = NO;
				GCC_NO_COMMON_BLOCKS = YES;
				GCC_OPTIMIZATION_LEVEL = 0;
				GCC_PREPROCESSOR_DEFINITIONS = (
					"DEBUG=1",
					"$(inherited)",
				);
				GCC_WARN_64_TO_32_BIT_CONVERSION = YES;
				GCC_WARN_ABOUT_RETURN_TYPE = YES_ERROR;
				GCC_WARN_UNDECLARED_SELECTOR = YES;
				GCC_WARN_UNINITIALIZED_AUTOS = YES_AGGRESSIVE;
				GCC_WARN_UNUSED_FUNCTION = YES;
				GCC_WARN_UNUSED_VARIABLE = YES;
				MACOSX_DEPLOYMENT_TARGET = 12.3;
				MTL_ENABLE_DEBUG_INFO = INCLUDE_SOURCE;
				MTL_FAST_MATH = YES;
				ONLY_ACTIVE_ARCH = YES;
				SDKROOT = macosx;
				SWIFT_ACTIVE_COMPILATION_CONDITIONS = DEBUG;
				SWIFT_OPTIMIZATION_LEVEL = "-Onone";
				VERSIONING_SYSTEM = "apple-generic";
				VERSION_INFO_PREFIX = "";
			};
			name = Debug;
		};
		9A27AB8A289B4F97003660D3 /* Release */ = {
			isa = XCBuildConfiguration;
			buildSettings = {
				ALWAYS_SEARCH_USER_PATHS = NO;
				CLANG_ANALYZER_NONNULL = YES;
				CLANG_ANALYZER_NUMBER_OBJECT_CONVERSION = YES_AGGRESSIVE;
				CLANG_CXX_LANGUAGE_STANDARD = "gnu++17";
				CLANG_ENABLE_MODULES = YES;
				CLANG_ENABLE_OBJC_ARC = YES;
				CLANG_ENABLE_OBJC_WEAK = YES;
				CLANG_WARN_BLOCK_CAPTURE_AUTORELEASING = YES;
				CLANG_WARN_BOOL_CONVERSION = YES;
				CLANG_WARN_COMMA = YES;
				CLANG_WARN_CONSTANT_CONVERSION = YES;
				CLANG_WARN_DEPRECATED_OBJC_IMPLEMENTATIONS = YES;
				CLANG_WARN_DIRECT_OBJC_ISA_USAGE = YES_ERROR;
				CLANG_WARN_DOCUMENTATION_COMMENTS = YES;
				CLANG_WARN_EMPTY_BODY = YES;
				CLANG_WARN_ENUM_CONVERSION = YES;
				CLANG_WARN_INFINITE_RECURSION = YES;
				CLANG_WARN_INT_CONVERSION = YES;
				CLANG_WARN_NON_LITERAL_NULL_CONVERSION = YES;
				CLANG_WARN_OBJC_IMPLICIT_RETAIN_SELF = YES;
				CLANG_WARN_OBJC_LITERAL_CONVERSION = YES;
				CLANG_WARN_OBJC_ROOT_CLASS = YES_ERROR;
				CLANG_WARN_QUOTED_INCLUDE_IN_FRAMEWORK_HEADER = YES;
				CLANG_WARN_RANGE_LOOP_ANALYSIS = YES;
				CLANG_WARN_STRICT_PROTOTYPES = YES;
				CLANG_WARN_SUSPICIOUS_MOVE = YES;
				CLANG_WARN_UNGUARDED_AVAILABILITY = YES_AGGRESSIVE;
				CLANG_WARN_UNREACHABLE_CODE = YES;
				CLANG_WARN__DUPLICATE_METHOD_MATCH = YES;
				COPY_PHASE_STRIP = NO;
				CURRENT_PROJECT_VERSION = 1;
				DEBUG_INFORMATION_FORMAT = "dwarf-with-dsym";
				ENABLE_NS_ASSERTIONS = NO;
				ENABLE_STRICT_OBJC_MSGSEND = YES;
				GCC_C_LANGUAGE_STANDARD = gnu11;
				GCC_NO_COMMON_BLOCKS = YES;
				GCC_WARN_64_TO_32_BIT_CONVERSION = YES;
				GCC_WARN_ABOUT_RETURN_TYPE = YES_ERROR;
				GCC_WARN_UNDECLARED_SELECTOR = YES;
				GCC_WARN_UNINITIALIZED_AUTOS = YES_AGGRESSIVE;
				GCC_WARN_UNUSED_FUNCTION = YES;
				GCC_WARN_UNUSED_VARIABLE = YES;
				MACOSX_DEPLOYMENT_TARGET = 12.3;
				MTL_ENABLE_DEBUG_INFO = NO;
				MTL_FAST_MATH = YES;
				SDKROOT = macosx;
				SWIFT_COMPILATION_MODE = wholemodule;
				SWIFT_OPTIMIZATION_LEVEL = "-O";
				VERSIONING_SYSTEM = "apple-generic";
				VERSION_INFO_PREFIX = "";
			};
			name = Release;
		};
		9A27AB8C289B4F97003660D3 /* Debug */ = {
			isa = XCBuildConfiguration;
			buildSettings = {
				CLANG_ENABLE_MODULES = YES;
				CODE_SIGN_STYLE = Automatic;
				COMBINE_HIDPI_IMAGES = YES;
				CURRENT_PROJECT_VERSION = 1;
				DEFINES_MODULE = YES;
				DEVELOPMENT_TEAM = 9A3DJ4G5VB;
				DYLIB_COMPATIBILITY_VERSION = 1;
				DYLIB_CURRENT_VERSION = 1;
				DYLIB_INSTALL_NAME_BASE = "@rpath";
				GENERATE_INFOPLIST_FILE = YES;
				INFOPLIST_KEY_NSHumanReadableCopyright = "";
				INSTALL_PATH = "$(LOCAL_LIBRARY_DIR)/Frameworks";
				LD_RUNPATH_SEARCH_PATHS = (
					"$(inherited)",
					"@executable_path/../Frameworks",
					"@loader_path/Frameworks",
				);
				MARKETING_VERSION = 1.0;
				PRODUCT_BUNDLE_IDENTIFIER = com.baldtech.EssentialsFeed;
				PRODUCT_NAME = "$(TARGET_NAME:c99extidentifier)";
				SKIP_INSTALL = YES;
				SWIFT_EMIT_LOC_STRINGS = YES;
				SWIFT_OPTIMIZATION_LEVEL = "-Onone";
				SWIFT_VERSION = 5.0;
			};
			name = Debug;
		};
		9A27AB8D289B4F97003660D3 /* Release */ = {
			isa = XCBuildConfiguration;
			buildSettings = {
				CLANG_ENABLE_MODULES = YES;
				CODE_SIGN_STYLE = Automatic;
				COMBINE_HIDPI_IMAGES = YES;
				CURRENT_PROJECT_VERSION = 1;
				DEFINES_MODULE = YES;
				DEVELOPMENT_TEAM = 9A3DJ4G5VB;
				DYLIB_COMPATIBILITY_VERSION = 1;
				DYLIB_CURRENT_VERSION = 1;
				DYLIB_INSTALL_NAME_BASE = "@rpath";
				GENERATE_INFOPLIST_FILE = YES;
				INFOPLIST_KEY_NSHumanReadableCopyright = "";
				INSTALL_PATH = "$(LOCAL_LIBRARY_DIR)/Frameworks";
				LD_RUNPATH_SEARCH_PATHS = (
					"$(inherited)",
					"@executable_path/../Frameworks",
					"@loader_path/Frameworks",
				);
				MARKETING_VERSION = 1.0;
				PRODUCT_BUNDLE_IDENTIFIER = com.baldtech.EssentialsFeed;
				PRODUCT_NAME = "$(TARGET_NAME:c99extidentifier)";
				SKIP_INSTALL = YES;
				SWIFT_EMIT_LOC_STRINGS = YES;
				SWIFT_VERSION = 5.0;
			};
			name = Release;
		};
		9A27ABAC289B5B92003660D3 /* Debug */ = {
			isa = XCBuildConfiguration;
			buildSettings = {
				CLANG_ENABLE_MODULES = YES;
				CODE_SIGN_STYLE = Automatic;
				CURRENT_PROJECT_VERSION = 1;
				DEVELOPMENT_TEAM = 9A3DJ4G5VB;
				GENERATE_INFOPLIST_FILE = YES;
				LD_RUNPATH_SEARCH_PATHS = (
					"$(inherited)",
					"@executable_path/../Frameworks",
					"@loader_path/../Frameworks",
				);
				MARKETING_VERSION = 1.0;
				PRODUCT_BUNDLE_IDENTIFIER = com.baldtech.EssentialsFeedTests;
				PRODUCT_NAME = "$(TARGET_NAME)";
				SWIFT_EMIT_LOC_STRINGS = NO;
				SWIFT_OPTIMIZATION_LEVEL = "-Onone";
				SWIFT_VERSION = 5.0;
			};
			name = Debug;
		};
		9A27ABAD289B5B92003660D3 /* Release */ = {
			isa = XCBuildConfiguration;
			buildSettings = {
				CLANG_ENABLE_MODULES = YES;
				CODE_SIGN_STYLE = Automatic;
				CURRENT_PROJECT_VERSION = 1;
				DEVELOPMENT_TEAM = 9A3DJ4G5VB;
				GENERATE_INFOPLIST_FILE = YES;
				LD_RUNPATH_SEARCH_PATHS = (
					"$(inherited)",
					"@executable_path/../Frameworks",
					"@loader_path/../Frameworks",
				);
				MARKETING_VERSION = 1.0;
				PRODUCT_BUNDLE_IDENTIFIER = com.baldtech.EssentialsFeedTests;
				PRODUCT_NAME = "$(TARGET_NAME)";
				SWIFT_EMIT_LOC_STRINGS = NO;
				SWIFT_VERSION = 5.0;
			};
			name = Release;
		};
/* End XCBuildConfiguration section */

/* Begin XCConfigurationList section */
		9A27AB7E289B4F97003660D3 /* Build configuration list for PBXProject "EssentialsFeed" */ = {
			isa = XCConfigurationList;
			buildConfigurations = (
				9A27AB89289B4F97003660D3 /* Debug */,
				9A27AB8A289B4F97003660D3 /* Release */,
			);
			defaultConfigurationIsVisible = 0;
			defaultConfigurationName = Release;
		};
		9A27AB8B289B4F97003660D3 /* Build configuration list for PBXNativeTarget "EssentialsFeed" */ = {
			isa = XCConfigurationList;
			buildConfigurations = (
				9A27AB8C289B4F97003660D3 /* Debug */,
				9A27AB8D289B4F97003660D3 /* Release */,
			);
			defaultConfigurationIsVisible = 0;
			defaultConfigurationName = Release;
		};
		9A27ABAE289B5B92003660D3 /* Build configuration list for PBXNativeTarget "EssentialsFeedTests" */ = {
			isa = XCConfigurationList;
			buildConfigurations = (
				9A27ABAC289B5B92003660D3 /* Debug */,
				9A27ABAD289B5B92003660D3 /* Release */,
			);
			defaultConfigurationIsVisible = 0;
			defaultConfigurationName = Release;
		};
/* End XCConfigurationList section */
	};
	rootObject = 9A27AB7B289B4F97003660D3 /* Project object */;
}
