// !$*UTF8*$!
{
	archiveVersion = 1;
	classes = {
	};
	objectVersion = 56;
	objects = {

/* Begin PBXBuildFile section */
		9A49345829CBDB00007FC965 /* EssentialFeedAPIEndToEndTests.swift in Sources */ = {isa = PBXBuildFile; fileRef = 9A49345729CBDB00007FC965 /* EssentialFeedAPIEndToEndTests.swift */; };
		9A49345929CBDB00007FC965 /* EssentialFeed.framework in Frameworks */ = {isa = PBXBuildFile; fileRef = 9A9B07BD29BD6AC500C941BC /* EssentialFeed.framework */; };
		9A49345F29CBE299007FC965 /* XCTestCase+MemoryLeakTracking.swift in Sources */ = {isa = PBXBuildFile; fileRef = 9ABA77BE29CA8D220018EC12 /* XCTestCase+MemoryLeakTracking.swift */; };
		9A84EB5F29C163100071DA5D /* HTTPClient.swift in Sources */ = {isa = PBXBuildFile; fileRef = 9A84EB5E29C163100071DA5D /* HTTPClient.swift */; };
		9A84EB6129C163690071DA5D /* FeedItemsMapper.swift in Sources */ = {isa = PBXBuildFile; fileRef = 9A84EB6029C163690071DA5D /* FeedItemsMapper.swift */; };
		9A9B07C629BD6AC500C941BC /* EssentialFeed.framework in Frameworks */ = {isa = PBXBuildFile; fileRef = 9A9B07BD29BD6AC500C941BC /* EssentialFeed.framework */; };
		9A9B07D629BD6AEF00C941BC /* FeedItem.swift in Sources */ = {isa = PBXBuildFile; fileRef = 9A9B07D529BD6AEF00C941BC /* FeedItem.swift */; };
		9A9B07D829BD6B8E00C941BC /* FeedLoader.swift in Sources */ = {isa = PBXBuildFile; fileRef = 9A9B07D729BD6B8E00C941BC /* FeedLoader.swift */; };
		9ABA77BF29CA8D220018EC12 /* XCTestCase+MemoryLeakTracking.swift in Sources */ = {isa = PBXBuildFile; fileRef = 9ABA77BE29CA8D220018EC12 /* XCTestCase+MemoryLeakTracking.swift */; };
		9ABA77C129CA9D060018EC12 /* URLSessionHTTPClient.swift in Sources */ = {isa = PBXBuildFile; fileRef = 9ABA77C029CA9D060018EC12 /* URLSessionHTTPClient.swift */; };
		9AD3439229BEA6AA004B31C9 /* RemoteFeedLoaderTests.swift in Sources */ = {isa = PBXBuildFile; fileRef = 9AD3439129BEA6AA004B31C9 /* RemoteFeedLoaderTests.swift */; };
		9AD3439529BEAE5E004B31C9 /* RemoteFeedLoader.swift in Sources */ = {isa = PBXBuildFile; fileRef = 9AD3439429BEAE5E004B31C9 /* RemoteFeedLoader.swift */; };
		9ADA658229C548660054B151 /* URLSessionHTTPClientTests.swift in Sources */ = {isa = PBXBuildFile; fileRef = 9ADA658129C548660054B151 /* URLSessionHTTPClientTests.swift */; };
/* End PBXBuildFile section */

/* Begin PBXContainerItemProxy section */
		9A49345A29CBDB00007FC965 /* PBXContainerItemProxy */ = {
			isa = PBXContainerItemProxy;
			containerPortal = 9A9B07B429BD6AC500C941BC /* Project object */;
			proxyType = 1;
			remoteGlobalIDString = 9A9B07BC29BD6AC500C941BC;
			remoteInfo = EssentialFeed;
		};
		9A9B07C729BD6AC500C941BC /* PBXContainerItemProxy */ = {
			isa = PBXContainerItemProxy;
			containerPortal = 9A9B07B429BD6AC500C941BC /* Project object */;
			proxyType = 1;
			remoteGlobalIDString = 9A9B07BC29BD6AC500C941BC;
			remoteInfo = EssentialFeed;
		};
/* End PBXContainerItemProxy section */

/* Begin PBXFileReference section */
		9A49345529CBDB00007FC965 /* EssentialFeedAPIEndToEndTests.xctest */ = {isa = PBXFileReference; explicitFileType = wrapper.cfbundle; includeInIndex = 0; path = EssentialFeedAPIEndToEndTests.xctest; sourceTree = BUILT_PRODUCTS_DIR; };
		9A49345729CBDB00007FC965 /* EssentialFeedAPIEndToEndTests.swift */ = {isa = PBXFileReference; lastKnownFileType = sourcecode.swift; path = EssentialFeedAPIEndToEndTests.swift; sourceTree = "<group>"; };
		9A84EB5E29C163100071DA5D /* HTTPClient.swift */ = {isa = PBXFileReference; lastKnownFileType = sourcecode.swift; path = HTTPClient.swift; sourceTree = "<group>"; };
		9A84EB6029C163690071DA5D /* FeedItemsMapper.swift */ = {isa = PBXFileReference; lastKnownFileType = sourcecode.swift; path = FeedItemsMapper.swift; sourceTree = "<group>"; };
		9A9B07BD29BD6AC500C941BC /* EssentialFeed.framework */ = {isa = PBXFileReference; explicitFileType = wrapper.framework; includeInIndex = 0; path = EssentialFeed.framework; sourceTree = BUILT_PRODUCTS_DIR; };
		9A9B07C529BD6AC500C941BC /* EssentialFeedTests.xctest */ = {isa = PBXFileReference; explicitFileType = wrapper.cfbundle; includeInIndex = 0; path = EssentialFeedTests.xctest; sourceTree = BUILT_PRODUCTS_DIR; };
		9A9B07D529BD6AEF00C941BC /* FeedItem.swift */ = {isa = PBXFileReference; lastKnownFileType = sourcecode.swift; path = FeedItem.swift; sourceTree = "<group>"; };
		9A9B07D729BD6B8E00C941BC /* FeedLoader.swift */ = {isa = PBXFileReference; lastKnownFileType = sourcecode.swift; path = FeedLoader.swift; sourceTree = "<group>"; };
		9ABA77BE29CA8D220018EC12 /* XCTestCase+MemoryLeakTracking.swift */ = {isa = PBXFileReference; lastKnownFileType = sourcecode.swift; path = "XCTestCase+MemoryLeakTracking.swift"; sourceTree = "<group>"; };
		9ABA77C029CA9D060018EC12 /* URLSessionHTTPClient.swift */ = {isa = PBXFileReference; lastKnownFileType = sourcecode.swift; path = URLSessionHTTPClient.swift; sourceTree = "<group>"; };
		9AD3439129BEA6AA004B31C9 /* RemoteFeedLoaderTests.swift */ = {isa = PBXFileReference; lastKnownFileType = sourcecode.swift; path = RemoteFeedLoaderTests.swift; sourceTree = "<group>"; };
		9AD3439429BEAE5E004B31C9 /* RemoteFeedLoader.swift */ = {isa = PBXFileReference; lastKnownFileType = sourcecode.swift; path = RemoteFeedLoader.swift; sourceTree = "<group>"; };
		9ADA658129C548660054B151 /* URLSessionHTTPClientTests.swift */ = {isa = PBXFileReference; lastKnownFileType = sourcecode.swift; path = URLSessionHTTPClientTests.swift; sourceTree = "<group>"; };
/* End PBXFileReference section */

/* Begin PBXFrameworksBuildPhase section */
		9A49345229CBDB00007FC965 /* Frameworks */ = {
			isa = PBXFrameworksBuildPhase;
			buildActionMask = 2147483647;
			files = (
				9A49345929CBDB00007FC965 /* EssentialFeed.framework in Frameworks */,
			);
			runOnlyForDeploymentPostprocessing = 0;
		};
		9A9B07BA29BD6AC500C941BC /* Frameworks */ = {
			isa = PBXFrameworksBuildPhase;
			buildActionMask = 2147483647;
			files = (
			);
			runOnlyForDeploymentPostprocessing = 0;
		};
		9A9B07C229BD6AC500C941BC /* Frameworks */ = {
			isa = PBXFrameworksBuildPhase;
			buildActionMask = 2147483647;
			files = (
				9A9B07C629BD6AC500C941BC /* EssentialFeed.framework in Frameworks */,
			);
			runOnlyForDeploymentPostprocessing = 0;
		};
/* End PBXFrameworksBuildPhase section */

/* Begin PBXGroup section */
		9A0A31AC29C2A19F00CC5883 /* Feed API */ = {
			isa = PBXGroup;
			children = (
				9ABA77BD29CA8CF90018EC12 /* Helpers */,
				9AD3439129BEA6AA004B31C9 /* RemoteFeedLoaderTests.swift */,
				9ADA658129C548660054B151 /* URLSessionHTTPClientTests.swift */,
			);
			path = "Feed API";
			sourceTree = "<group>";
		};
		9A49345629CBDB00007FC965 /* EssentialFeedAPIEndToEndTests */ = {
			isa = PBXGroup;
			children = (
				9A49345729CBDB00007FC965 /* EssentialFeedAPIEndToEndTests.swift */,
			);
			path = EssentialFeedAPIEndToEndTests;
			sourceTree = "<group>";
		};
		9A9B07B329BD6AC500C941BC = {
			isa = PBXGroup;
			children = (
				9A9B07BF29BD6AC500C941BC /* EssentialFeed */,
				9A9B07C929BD6AC500C941BC /* EssentialFeedTests */,
				9A49345629CBDB00007FC965 /* EssentialFeedAPIEndToEndTests */,
				9A9B07BE29BD6AC500C941BC /* Products */,
			);
			sourceTree = "<group>";
		};
		9A9B07BE29BD6AC500C941BC /* Products */ = {
			isa = PBXGroup;
			children = (
				9A9B07BD29BD6AC500C941BC /* EssentialFeed.framework */,
				9A9B07C529BD6AC500C941BC /* EssentialFeedTests.xctest */,
				9A49345529CBDB00007FC965 /* EssentialFeedAPIEndToEndTests.xctest */,
			);
			name = Products;
			sourceTree = "<group>";
		};
		9A9B07BF29BD6AC500C941BC /* EssentialFeed */ = {
			isa = PBXGroup;
			children = (
				9AD3439329BEAE52004B31C9 /* Feed API */,
				9A9B07DA29BD6C8200C941BC /* Feed Feature */,
			);
			path = EssentialFeed;
			sourceTree = "<group>";
		};
		9A9B07C929BD6AC500C941BC /* EssentialFeedTests */ = {
			isa = PBXGroup;
			children = (
				9A0A31AC29C2A19F00CC5883 /* Feed API */,
			);
			path = EssentialFeedTests;
			sourceTree = "<group>";
		};
		9A9B07DA29BD6C8200C941BC /* Feed Feature */ = {
			isa = PBXGroup;
			children = (
				9A9B07D529BD6AEF00C941BC /* FeedItem.swift */,
				9A9B07D729BD6B8E00C941BC /* FeedLoader.swift */,
			);
			path = "Feed Feature";
			sourceTree = "<group>";
		};
		9ABA77BD29CA8CF90018EC12 /* Helpers */ = {
			isa = PBXGroup;
			children = (
				9ABA77BE29CA8D220018EC12 /* XCTestCase+MemoryLeakTracking.swift */,
			);
			path = Helpers;
			sourceTree = "<group>";
		};
		9AD3439329BEAE52004B31C9 /* Feed API */ = {
			isa = PBXGroup;
			children = (
				9AD3439429BEAE5E004B31C9 /* RemoteFeedLoader.swift */,
				9A84EB6029C163690071DA5D /* FeedItemsMapper.swift */,
				9A84EB5E29C163100071DA5D /* HTTPClient.swift */,
				9ABA77C029CA9D060018EC12 /* URLSessionHTTPClient.swift */,
			);
			path = "Feed API";
			sourceTree = "<group>";
		};
/* End PBXGroup section */

/* Begin PBXHeadersBuildPhase section */
		9A9B07B829BD6AC500C941BC /* Headers */ = {
			isa = PBXHeadersBuildPhase;
			buildActionMask = 2147483647;
			files = (
			);
			runOnlyForDeploymentPostprocessing = 0;
		};
/* End PBXHeadersBuildPhase section */

/* Begin PBXNativeTarget section */
		9A49345429CBDB00007FC965 /* EssentialFeedAPIEndToEndTests */ = {
			isa = PBXNativeTarget;
			buildConfigurationList = 9A49345E29CBDB00007FC965 /* Build configuration list for PBXNativeTarget "EssentialFeedAPIEndToEndTests" */;
			buildPhases = (
				9A49345129CBDB00007FC965 /* Sources */,
				9A49345229CBDB00007FC965 /* Frameworks */,
				9A49345329CBDB00007FC965 /* Resources */,
			);
			buildRules = (
			);
			dependencies = (
				9A49345B29CBDB00007FC965 /* PBXTargetDependency */,
			);
			name = EssentialFeedAPIEndToEndTests;
			productName = EssentialFeedAPIEndToEndTests;
			productReference = 9A49345529CBDB00007FC965 /* EssentialFeedAPIEndToEndTests.xctest */;
			productType = "com.apple.product-type.bundle.unit-test";
		};
		9A9B07BC29BD6AC500C941BC /* EssentialFeed */ = {
			isa = PBXNativeTarget;
			buildConfigurationList = 9A9B07CF29BD6AC500C941BC /* Build configuration list for PBXNativeTarget "EssentialFeed" */;
			buildPhases = (
				9A9B07B829BD6AC500C941BC /* Headers */,
				9A9B07B929BD6AC500C941BC /* Sources */,
				9A9B07BA29BD6AC500C941BC /* Frameworks */,
				9A9B07BB29BD6AC500C941BC /* Resources */,
			);
			buildRules = (
			);
			dependencies = (
			);
			name = EssentialFeed;
			productName = EssentialFeed;
			productReference = 9A9B07BD29BD6AC500C941BC /* EssentialFeed.framework */;
			productType = "com.apple.product-type.framework";
		};
		9A9B07C429BD6AC500C941BC /* EssentialFeedTests */ = {
			isa = PBXNativeTarget;
			buildConfigurationList = 9A9B07D229BD6AC500C941BC /* Build configuration list for PBXNativeTarget "EssentialFeedTests" */;
			buildPhases = (
				9A9B07C129BD6AC500C941BC /* Sources */,
				9A9B07C229BD6AC500C941BC /* Frameworks */,
				9A9B07C329BD6AC500C941BC /* Resources */,
			);
			buildRules = (
			);
			dependencies = (
				9A9B07C829BD6AC500C941BC /* PBXTargetDependency */,
			);
			name = EssentialFeedTests;
			productName = EssentialFeedTests;
			productReference = 9A9B07C529BD6AC500C941BC /* EssentialFeedTests.xctest */;
			productType = "com.apple.product-type.bundle.unit-test";
		};
/* End PBXNativeTarget section */

/* Begin PBXProject section */
		9A9B07B429BD6AC500C941BC /* Project object */ = {
			isa = PBXProject;
			attributes = {
				BuildIndependentTargetsInParallel = 1;
				LastSwiftUpdateCheck = 1400;
				LastUpgradeCheck = 1400;
				TargetAttributes = {
					9A49345429CBDB00007FC965 = {
						CreatedOnToolsVersion = 14.0.1;
					};
					9A9B07BC29BD6AC500C941BC = {
						CreatedOnToolsVersion = 14.0.1;
						LastSwiftMigration = 1400;
					};
					9A9B07C429BD6AC500C941BC = {
						CreatedOnToolsVersion = 14.0.1;
					};
				};
			};
			buildConfigurationList = 9A9B07B729BD6AC500C941BC /* Build configuration list for PBXProject "EssentialFeed" */;
			compatibilityVersion = "Xcode 14.0";
			developmentRegion = en;
			hasScannedForEncodings = 0;
			knownRegions = (
				en,
				Base,
			);
			mainGroup = 9A9B07B329BD6AC500C941BC;
			productRefGroup = 9A9B07BE29BD6AC500C941BC /* Products */;
			projectDirPath = "";
			projectRoot = "";
			targets = (
				9A9B07BC29BD6AC500C941BC /* EssentialFeed */,
				9A9B07C429BD6AC500C941BC /* EssentialFeedTests */,
				9A49345429CBDB00007FC965 /* EssentialFeedAPIEndToEndTests */,
			);
		};
/* End PBXProject section */

/* Begin PBXResourcesBuildPhase section */
		9A49345329CBDB00007FC965 /* Resources */ = {
			isa = PBXResourcesBuildPhase;
			buildActionMask = 2147483647;
			files = (
			);
			runOnlyForDeploymentPostprocessing = 0;
		};
		9A9B07BB29BD6AC500C941BC /* Resources */ = {
			isa = PBXResourcesBuildPhase;
			buildActionMask = 2147483647;
			files = (
			);
			runOnlyForDeploymentPostprocessing = 0;
		};
		9A9B07C329BD6AC500C941BC /* Resources */ = {
			isa = PBXResourcesBuildPhase;
			buildActionMask = 2147483647;
			files = (
			);
			runOnlyForDeploymentPostprocessing = 0;
		};
/* End PBXResourcesBuildPhase section */

/* Begin PBXSourcesBuildPhase section */
		9A49345129CBDB00007FC965 /* Sources */ = {
			isa = PBXSourcesBuildPhase;
			buildActionMask = 2147483647;
			files = (
				9A49345829CBDB00007FC965 /* EssentialFeedAPIEndToEndTests.swift in Sources */,
				9A49345F29CBE299007FC965 /* XCTestCase+MemoryLeakTracking.swift in Sources */,
			);
			runOnlyForDeploymentPostprocessing = 0;
		};
		9A9B07B929BD6AC500C941BC /* Sources */ = {
			isa = PBXSourcesBuildPhase;
			buildActionMask = 2147483647;
			files = (
				9A84EB6129C163690071DA5D /* FeedItemsMapper.swift in Sources */,
				9A9B07D829BD6B8E00C941BC /* FeedLoader.swift in Sources */,
				9AD3439529BEAE5E004B31C9 /* RemoteFeedLoader.swift in Sources */,
				9A84EB5F29C163100071DA5D /* HTTPClient.swift in Sources */,
				9A9B07D629BD6AEF00C941BC /* FeedItem.swift in Sources */,
				9ABA77C129CA9D060018EC12 /* URLSessionHTTPClient.swift in Sources */,
			);
			runOnlyForDeploymentPostprocessing = 0;
		};
		9A9B07C129BD6AC500C941BC /* Sources */ = {
			isa = PBXSourcesBuildPhase;
			buildActionMask = 2147483647;
			files = (
				9AD3439229BEA6AA004B31C9 /* RemoteFeedLoaderTests.swift in Sources */,
				9ADA658229C548660054B151 /* URLSessionHTTPClientTests.swift in Sources */,
				9ABA77BF29CA8D220018EC12 /* XCTestCase+MemoryLeakTracking.swift in Sources */,
			);
			runOnlyForDeploymentPostprocessing = 0;
		};
/* End PBXSourcesBuildPhase section */

/* Begin PBXTargetDependency section */
		9A49345B29CBDB00007FC965 /* PBXTargetDependency */ = {
			isa = PBXTargetDependency;
			target = 9A9B07BC29BD6AC500C941BC /* EssentialFeed */;
			targetProxy = 9A49345A29CBDB00007FC965 /* PBXContainerItemProxy */;
		};
		9A9B07C829BD6AC500C941BC /* PBXTargetDependency */ = {
			isa = PBXTargetDependency;
			target = 9A9B07BC29BD6AC500C941BC /* EssentialFeed */;
			targetProxy = 9A9B07C729BD6AC500C941BC /* PBXContainerItemProxy */;
		};
/* End PBXTargetDependency section */

/* Begin XCBuildConfiguration section */
		9A49345C29CBDB00007FC965 /* Debug */ = {
			isa = XCBuildConfiguration;
			buildSettings = {
				CODE_SIGN_STYLE = Automatic;
				CURRENT_PROJECT_VERSION = 1;
				DEVELOPMENT_TEAM = 9A3DJ4G5VB;
				GENERATE_INFOPLIST_FILE = YES;
				MARKETING_VERSION = 1.0;
				PRODUCT_BUNDLE_IDENTIFIER = com.baldtech.EssentialFeedAPIEndToEndTests;
				PRODUCT_NAME = "$(TARGET_NAME)";
				SWIFT_EMIT_LOC_STRINGS = NO;
				SWIFT_VERSION = 5.0;
			};
			name = Debug;
		};
		9A49345D29CBDB00007FC965 /* Release */ = {
			isa = XCBuildConfiguration;
			buildSettings = {
				CODE_SIGN_STYLE = Automatic;
				CURRENT_PROJECT_VERSION = 1;
				DEVELOPMENT_TEAM = 9A3DJ4G5VB;
				GENERATE_INFOPLIST_FILE = YES;
				MARKETING_VERSION = 1.0;
				PRODUCT_BUNDLE_IDENTIFIER = com.baldtech.EssentialFeedAPIEndToEndTests;
				PRODUCT_NAME = "$(TARGET_NAME)";
				SWIFT_EMIT_LOC_STRINGS = NO;
				SWIFT_VERSION = 5.0;
			};
			name = Release;
		};
		9A9B07CD29BD6AC500C941BC /* Debug */ = {
			isa = XCBuildConfiguration;
			buildSettings = {
				ALWAYS_SEARCH_USER_PATHS = NO;
				CLANG_ANALYZER_NONNULL = YES;
				CLANG_ANALYZER_NUMBER_OBJECT_CONVERSION = YES_AGGRESSIVE;
				CLANG_CXX_LANGUAGE_STANDARD = "gnu++20";
				CLANG_ENABLE_MODULES = YES;
				CLANG_ENABLE_OBJC_ARC = YES;
				CLANG_ENABLE_OBJC_WEAK = YES;
				CLANG_WARN_BLOCK_CAPTURE_AUTORELEASING = YES;
				CLANG_WARN_BOOL_CONVERSION = YES;
				CLANG_WARN_COMMA = YES;
				CLANG_WARN_CONSTANT_CONVERSION = YES;
				CLANG_WARN_DEPRECATED_OBJC_IMPLEMENTATIONS = YES;
				CLANG_WARN_DIRECT_OBJC_ISA_USAGE = YES_ERROR;
				CLANG_WARN_DOCUMENTATION_COMMENTS = YES;
				CLANG_WARN_EMPTY_BODY = YES;
				CLANG_WARN_ENUM_CONVERSION = YES;
				CLANG_WARN_INFINITE_RECURSION = YES;
				CLANG_WARN_INT_CONVERSION = YES;
				CLANG_WARN_NON_LITERAL_NULL_CONVERSION = YES;
				CLANG_WARN_OBJC_IMPLICIT_RETAIN_SELF = YES;
				CLANG_WARN_OBJC_LITERAL_CONVERSION = YES;
				CLANG_WARN_OBJC_ROOT_CLASS = YES_ERROR;
				CLANG_WARN_QUOTED_INCLUDE_IN_FRAMEWORK_HEADER = YES;
				CLANG_WARN_RANGE_LOOP_ANALYSIS = YES;
				CLANG_WARN_STRICT_PROTOTYPES = YES;
				CLANG_WARN_SUSPICIOUS_MOVE = YES;
				CLANG_WARN_UNGUARDED_AVAILABILITY = YES_AGGRESSIVE;
				CLANG_WARN_UNREACHABLE_CODE = YES;
				CLANG_WARN__DUPLICATE_METHOD_MATCH = YES;
				COPY_PHASE_STRIP = NO;
				CURRENT_PROJECT_VERSION = 1;
				DEBUG_INFORMATION_FORMAT = dwarf;
				ENABLE_STRICT_OBJC_MSGSEND = YES;
				ENABLE_TESTABILITY = YES;
				GCC_C_LANGUAGE_STANDARD = gnu11;
				GCC_DYNAMIC_NO_PIC = NO;
				GCC_NO_COMMON_BLOCKS = YES;
				GCC_OPTIMIZATION_LEVEL = 0;
				GCC_PREPROCESSOR_DEFINITIONS = (
					"DEBUG=1",
					"$(inherited)",
				);
				GCC_WARN_64_TO_32_BIT_CONVERSION = YES;
				GCC_WARN_ABOUT_RETURN_TYPE = YES_ERROR;
				GCC_WARN_UNDECLARED_SELECTOR = YES;
				GCC_WARN_UNINITIALIZED_AUTOS = YES_AGGRESSIVE;
				GCC_WARN_UNUSED_FUNCTION = YES;
				GCC_WARN_UNUSED_VARIABLE = YES;
				MACOSX_DEPLOYMENT_TARGET = 12.3;
				MTL_ENABLE_DEBUG_INFO = INCLUDE_SOURCE;
				MTL_FAST_MATH = YES;
				ONLY_ACTIVE_ARCH = YES;
				SDKROOT = macosx;
				SWIFT_ACTIVE_COMPILATION_CONDITIONS = DEBUG;
				SWIFT_OPTIMIZATION_LEVEL = "-Onone";
				VERSIONING_SYSTEM = "apple-generic";
				VERSION_INFO_PREFIX = "";
			};
			name = Debug;
		};
		9A9B07CE29BD6AC500C941BC /* Release */ = {
			isa = XCBuildConfiguration;
			buildSettings = {
				ALWAYS_SEARCH_USER_PATHS = NO;
				CLANG_ANALYZER_NONNULL = YES;
				CLANG_ANALYZER_NUMBER_OBJECT_CONVERSION = YES_AGGRESSIVE;
				CLANG_CXX_LANGUAGE_STANDARD = "gnu++20";
				CLANG_ENABLE_MODULES = YES;
				CLANG_ENABLE_OBJC_ARC = YES;
				CLANG_ENABLE_OBJC_WEAK = YES;
				CLANG_WARN_BLOCK_CAPTURE_AUTORELEASING = YES;
				CLANG_WARN_BOOL_CONVERSION = YES;
				CLANG_WARN_COMMA = YES;
				CLANG_WARN_CONSTANT_CONVERSION = YES;
				CLANG_WARN_DEPRECATED_OBJC_IMPLEMENTATIONS = YES;
				CLANG_WARN_DIRECT_OBJC_ISA_USAGE = YES_ERROR;
				CLANG_WARN_DOCUMENTATION_COMMENTS = YES;
				CLANG_WARN_EMPTY_BODY = YES;
				CLANG_WARN_ENUM_CONVERSION = YES;
				CLANG_WARN_INFINITE_RECURSION = YES;
				CLANG_WARN_INT_CONVERSION = YES;
				CLANG_WARN_NON_LITERAL_NULL_CONVERSION = YES;
				CLANG_WARN_OBJC_IMPLICIT_RETAIN_SELF = YES;
				CLANG_WARN_OBJC_LITERAL_CONVERSION = YES;
				CLANG_WARN_OBJC_ROOT_CLASS = YES_ERROR;
				CLANG_WARN_QUOTED_INCLUDE_IN_FRAMEWORK_HEADER = YES;
				CLANG_WARN_RANGE_LOOP_ANALYSIS = YES;
				CLANG_WARN_STRICT_PROTOTYPES = YES;
				CLANG_WARN_SUSPICIOUS_MOVE = YES;
				CLANG_WARN_UNGUARDED_AVAILABILITY = YES_AGGRESSIVE;
				CLANG_WARN_UNREACHABLE_CODE = YES;
				CLANG_WARN__DUPLICATE_METHOD_MATCH = YES;
				COPY_PHASE_STRIP = NO;
				CURRENT_PROJECT_VERSION = 1;
				DEBUG_INFORMATION_FORMAT = "dwarf-with-dsym";
				ENABLE_NS_ASSERTIONS = NO;
				ENABLE_STRICT_OBJC_MSGSEND = YES;
				GCC_C_LANGUAGE_STANDARD = gnu11;
				GCC_NO_COMMON_BLOCKS = YES;
				GCC_WARN_64_TO_32_BIT_CONVERSION = YES;
				GCC_WARN_ABOUT_RETURN_TYPE = YES_ERROR;
				GCC_WARN_UNDECLARED_SELECTOR = YES;
				GCC_WARN_UNINITIALIZED_AUTOS = YES_AGGRESSIVE;
				GCC_WARN_UNUSED_FUNCTION = YES;
				GCC_WARN_UNUSED_VARIABLE = YES;
				MACOSX_DEPLOYMENT_TARGET = 12.3;
				MTL_ENABLE_DEBUG_INFO = NO;
				MTL_FAST_MATH = YES;
				SDKROOT = macosx;
				SWIFT_COMPILATION_MODE = wholemodule;
				SWIFT_OPTIMIZATION_LEVEL = "-O";
				VERSIONING_SYSTEM = "apple-generic";
				VERSION_INFO_PREFIX = "";
			};
			name = Release;
		};
		9A9B07D029BD6AC500C941BC /* Debug */ = {
			isa = XCBuildConfiguration;
			buildSettings = {
				CLANG_ENABLE_MODULES = YES;
				CODE_SIGN_STYLE = Automatic;
				COMBINE_HIDPI_IMAGES = YES;
				CURRENT_PROJECT_VERSION = 1;
				DEFINES_MODULE = YES;
				DEVELOPMENT_TEAM = 9A3DJ4G5VB;
				DYLIB_COMPATIBILITY_VERSION = 1;
				DYLIB_CURRENT_VERSION = 1;
				DYLIB_INSTALL_NAME_BASE = "@rpath";
				GENERATE_INFOPLIST_FILE = YES;
				INFOPLIST_KEY_NSHumanReadableCopyright = "";
				INSTALL_PATH = "$(LOCAL_LIBRARY_DIR)/Frameworks";
				LD_RUNPATH_SEARCH_PATHS = (
					"$(inherited)",
					"@executable_path/../Frameworks",
					"@loader_path/Frameworks",
				);
				MARKETING_VERSION = 1.0;
				PRODUCT_BUNDLE_IDENTIFIER = com.baldtech.EssentialFeed;
				PRODUCT_NAME = "$(TARGET_NAME:c99extidentifier)";
				SKIP_INSTALL = YES;
				SWIFT_EMIT_LOC_STRINGS = YES;
				SWIFT_OPTIMIZATION_LEVEL = "-Onone";
				SWIFT_VERSION = 5.0;
			};
			name = Debug;
		};
		9A9B07D129BD6AC500C941BC /* Release */ = {
			isa = XCBuildConfiguration;
			buildSettings = {
				CLANG_ENABLE_MODULES = YES;
				CODE_SIGN_STYLE = Automatic;
				COMBINE_HIDPI_IMAGES = YES;
				CURRENT_PROJECT_VERSION = 1;
				DEFINES_MODULE = YES;
				DEVELOPMENT_TEAM = 9A3DJ4G5VB;
				DYLIB_COMPATIBILITY_VERSION = 1;
				DYLIB_CURRENT_VERSION = 1;
				DYLIB_INSTALL_NAME_BASE = "@rpath";
				GENERATE_INFOPLIST_FILE = YES;
				INFOPLIST_KEY_NSHumanReadableCopyright = "";
				INSTALL_PATH = "$(LOCAL_LIBRARY_DIR)/Frameworks";
				LD_RUNPATH_SEARCH_PATHS = (
					"$(inherited)",
					"@executable_path/../Frameworks",
					"@loader_path/Frameworks",
				);
				MARKETING_VERSION = 1.0;
				PRODUCT_BUNDLE_IDENTIFIER = com.baldtech.EssentialFeed;
				PRODUCT_NAME = "$(TARGET_NAME:c99extidentifier)";
				SKIP_INSTALL = YES;
				SWIFT_EMIT_LOC_STRINGS = YES;
				SWIFT_VERSION = 5.0;
			};
			name = Release;
		};
		9A9B07D329BD6AC500C941BC /* Debug */ = {
			isa = XCBuildConfiguration;
			buildSettings = {
				ALWAYS_EMBED_SWIFT_STANDARD_LIBRARIES = YES;
				CODE_SIGN_STYLE = Automatic;
				CURRENT_PROJECT_VERSION = 1;
				DEVELOPMENT_TEAM = 9A3DJ4G5VB;
				GENERATE_INFOPLIST_FILE = YES;
				MARKETING_VERSION = 1.0;
				PRODUCT_BUNDLE_IDENTIFIER = com.baldtech.EssentialFeedTests;
				PRODUCT_NAME = "$(TARGET_NAME)";
				SWIFT_EMIT_LOC_STRINGS = NO;
				SWIFT_VERSION = 5.0;
			};
			name = Debug;
		};
		9A9B07D429BD6AC500C941BC /* Release */ = {
			isa = XCBuildConfiguration;
			buildSettings = {
				ALWAYS_EMBED_SWIFT_STANDARD_LIBRARIES = YES;
				CODE_SIGN_STYLE = Automatic;
				CURRENT_PROJECT_VERSION = 1;
				DEVELOPMENT_TEAM = 9A3DJ4G5VB;
				GENERATE_INFOPLIST_FILE = YES;
				MARKETING_VERSION = 1.0;
				PRODUCT_BUNDLE_IDENTIFIER = com.baldtech.EssentialFeedTests;
				PRODUCT_NAME = "$(TARGET_NAME)";
				SWIFT_EMIT_LOC_STRINGS = NO;
				SWIFT_VERSION = 5.0;
			};
			name = Release;
		};
/* End XCBuildConfiguration section */

/* Begin XCConfigurationList section */
		9A49345E29CBDB00007FC965 /* Build configuration list for PBXNativeTarget "EssentialFeedAPIEndToEndTests" */ = {
			isa = XCConfigurationList;
			buildConfigurations = (
				9A49345C29CBDB00007FC965 /* Debug */,
				9A49345D29CBDB00007FC965 /* Release */,
			);
			defaultConfigurationIsVisible = 0;
			defaultConfigurationName = Release;
		};
		9A9B07B729BD6AC500C941BC /* Build configuration list for PBXProject "EssentialFeed" */ = {
			isa = XCConfigurationList;
			buildConfigurations = (
				9A9B07CD29BD6AC500C941BC /* Debug */,
				9A9B07CE29BD6AC500C941BC /* Release */,
			);
			defaultConfigurationIsVisible = 0;
			defaultConfigurationName = Release;
		};
		9A9B07CF29BD6AC500C941BC /* Build configuration list for PBXNativeTarget "EssentialFeed" */ = {
			isa = XCConfigurationList;
			buildConfigurations = (
				9A9B07D029BD6AC500C941BC /* Debug */,
				9A9B07D129BD6AC500C941BC /* Release */,
			);
			defaultConfigurationIsVisible = 0;
			defaultConfigurationName = Release;
		};
		9A9B07D229BD6AC500C941BC /* Build configuration list for PBXNativeTarget "EssentialFeedTests" */ = {
			isa = XCConfigurationList;
			buildConfigurations = (
				9A9B07D329BD6AC500C941BC /* Debug */,
				9A9B07D429BD6AC500C941BC /* Release */,
			);
			defaultConfigurationIsVisible = 0;
			defaultConfigurationName = Release;
		};
/* End XCConfigurationList section */
	};
	rootObject = 9A9B07B429BD6AC500C941BC /* Project object */;
}
